# AUTO-GENERATED - DO NOT EDIT
# Contains cryptographic hashes to detect tampering
# Regenerate: python -m tests.integration.generate_fixtures

test_cases:
- test_case: circuit_dark_fiber_01
  files:
  - path: cassette.yaml
    sha256: 2c301daa0a78b7d4623a20a532dabd67cef01946e409fd221b5698126b8dd4f0
  - path: expected.yaml
    sha256: 709bb1375f1e0d59c19c34eff077b4c73feaca26f2a093f0c2212851d1713894
- test_case: circuit_internet_01
  files:
  - path: cassette.yaml
    sha256: 1bcd71fad615bd81ca0b43d91a775f3f0e6a937079d0f9d4aabacacbd419804d
  - path: expected.yaml
    sha256: 6b89f4ae6890d4194d92fb297c4d056c0e3ddb9b2ec178c47f56908408c878c0
- test_case: circuit_mpls_01
  files:
  - path: cassette.yaml
    sha256: 3ab63e54b52cafe9350e1058a8d4ec67a99a5656456c3549ce2ec07ceb72204f
  - path: expected.yaml
    sha256: de81ed1cd1b0b085a7447f1d52a6d71351489cb4151aa7ba0e1ef7daed8fc897
- test_case: circuits_dark_fiber_01
  files:
  - path: cassette.yaml
    sha256: b721ea4dbce76ffc0d5ebe4dd934c4fd54509581021c79b20b7552ee7a9da7eb
  - path: expected.yaml
    sha256: 89f03f09604793a21c13cd1aca5fa0ae69c304b1b873188878a9e57db9065759
- test_case: circuits_internet_01
  files:
  - path: cassette.yaml
    sha256: 98524220eaf704bb6e92c759b32cf0f1fe1ab9e752bcdc705609cc119f04d88d
  - path: expected.yaml
    sha256: 6e1a6fa8680c5286fa6590dd1fccf182f5d5c6ef748b62ddcce643357801be6c
- test_case: circuits_mpls_01
  files:
  - path: cassette.yaml
    sha256: 8871f47b5f05c1a7a0139e11b9b181c4765ce53fcdfa404ddd1526fb315e7f91
  - path: expected.yaml
    sha256: 02808f42f871157ed235d84ee60fcb4c179298cbb300df5a37c1f8328a8bf79b
- test_case: dcim_all_devices_01
  files:
  - path: cassette.yaml
    sha256: f571b2f78b7a1795ff3306823c7185cd4ed3bf902643a0a8c5796fc97fa845fc
  - path: expected.yaml
    sha256: a6e002644c1e69eb031ab710d25735690726c7b923ecd676bcf71ff016a0dff1
- test_case: dcim_all_interfaces_01
  files:
  - path: cassette.yaml
    sha256: 8e73a3ec898b6209765e42da3b569b8f673e9e9d3d5d1d0683155afbc34e52e4
  - path: expected.yaml
    sha256: 1192daedfe7beebfc6bb2f8f5ec626b508853de415f5f7c339543dc1555a4bf3
- test_case: dcim_cables_01
  files:
  - path: cassette.yaml
    sha256: 9f4971f77f1bd95ea76392eaca1dd482884e3d0c1749cd7000185587db7972a4
  - path: expected.yaml
    sha256: 8ebc8ebe383db378ba41c4376dc88b5b72a4f77a7fd8ca634913761363dd8569
- test_case: dcim_console_port_01
  files:
  - path: cassette.yaml
    sha256: c0f452f871a203ed55562091af812947b97da4ddace3dd34ab22dc5784e82e6b
  - path: expected.yaml
    sha256: d1909e90d6b912b1954e9c1408e0b4e24908fc0995983bc78b5362070324431f
- test_case: dcim_console_ports_01
  files:
  - path: cassette.yaml
    sha256: 4713945b4f987f69fcac924a43325d14a9084602f82be1ba238ee268b20d57c5
  - path: expected.yaml
    sha256: 2b93cd11f3b7699ed9ec220f64a8fee2b9e5e0d773e01351f9e7ac39792204f9
- test_case: dcim_device_01
  files:
  - path: cassette.yaml
    sha256: a232751b0c496d106a91c9d41929ae50b38c536a3ca4f672e1c2b2d1f23392c4
  - path: expected.yaml
    sha256: 0a750100951c9637fc1e4968e5317e1670fd7ce8eee4b9f341d48764e5039519
- test_case: dcim_devices_01
  files:
  - path: cassette.yaml
    sha256: 1df03955bdf6fee595b5211be51bf4aaeb8f5fce7860a90b3665ddfc402486d2
  - path: expected.yaml
    sha256: 9ebcab90a6709ad1688eda13a7a71eda9e53d92596cf1096f42cce36ca7e239c
- test_case: dcim_interface_trace_01
  files:
  - path: cassette.yaml
    sha256: 7021e3f649551782c38d52c68a2afbd15cf398c21a34e5e1ec3f9083a5f50959
  - path: expected.yaml
    sha256: ac36577a7bac4646d91d6ee4c7d129265d04ddc6f35fa9712c5c42362936dab7
- test_case: dcim_interface_trace_02
  files:
  - path: cassette.yaml
    sha256: 9402232e2297f95fb57f05408d44d385beb6ab9a3589468bb27c9918054d4cd0
  - path: expected.yaml
    sha256: 4890feabd8a02df6b8fcadfda68a5cd5c34843c57ee2365abe0b8890b88cca0d
- test_case: dcim_interface_trace_03
  files:
  - path: cassette.yaml
    sha256: b79e8c3f8013023ccbe5387253e9bee7683f2dcd78f944cf6ac9b06ea0f1319d
  - path: expected.yaml
    sha256: cb15c821321b0959d45f0e30d2ec16e776d02ea0e45f30cea99827aa5cebefba
- test_case: dcim_site_01
  files:
  - path: cassette.yaml
    sha256: 5525c1fcb849bc5fd949ab72022d07efa662872ac864931cacbe9a8d7e16322a
  - path: expected.yaml
    sha256: e957cb14ca8051ecd5562183fad1c114fe1dbbf2d07a2c62a7975552096fa7af
- test_case: dcim_sites_01
  files:
  - path: cassette.yaml
    sha256: 6c063de6f3191a41877e0f6e80e46ab49e52049bc0d88d04a800d898569e6045
  - path: expected.yaml
    sha256: ede96f17e9a8ae662bd6ce97020d81e73b1a603c707d96b48405d250fbe966cb
- test_case: ipam_all_ip_addresses_01
  files:
  - path: cassette.yaml
    sha256: 18e829caf619ab3d11859b223aa94c45ebb3c2a7e53dc5280c8984fd523cdd3a
  - path: expected.yaml
    sha256: b72d91d55ac447e55775899563959459dc94ea2bb1b16b2748a153a46b699027
- test_case: ipam_ip_address_01
  files:
  - path: cassette.yaml
    sha256: 2d8059b08aebf07be90b62e19234d55267c99c10cae1881b4edce9e9a5f8380f
  - path: expected.yaml
    sha256: 5efc947ed2b40a00b5cc02921addf22aa44528acd3fef2b243877cfe1fae406b
- test_case: ipam_ip_addresses_01
  files:
  - path: cassette.yaml
    sha256: cec0a2b1ee897f5b7ffb35892c2dec947b300b2e0fbb8cc345126530082e7bdf
  - path: expected.yaml
    sha256: 1ec587c163d383846eac0ba955959e5971ac3523e48e008c50eebc5f725ad035
- test_case: ipam_vlans_01
  files:
  - path: cassette.yaml
    sha256: af34f1f6d64d1eac75e9aa6ebf0777214af261846a691ac5b147989077cb790d
  - path: expected.yaml
    sha256: 880e42c46cd1dff42ec6f389ad6c0b128b380d18371d11bf7e5e1871e1a44237
sha256: da854aceba63221173b64b47c0296a558d2cbb139f8070e68c1a0056f51ffb98
