# AUTO-GENERATED - DO NOT EDIT
# Contains cryptographic hashes to detect tampering
# Regenerate: python -m tests.integration.generate_fixtures

test_cases:
- test_case: circuit_dark_fiber_01
  files:
  - path: cassette.yaml
    sha256: 38d512a319b4d8675776add3034fc5fad0cb2131ab6856ea549a3ce91510920c
  - path: expected.yaml
    sha256: 25bc8f7ce57183c3f20d63ba73e3ac6e426c8177a106312c9bac3a2eadbf7760
- test_case: circuit_internet_01
  files:
  - path: cassette.yaml
    sha256: 26dbcaf0e869d758e1d6ffa0ff66c35e3c56a6595b13c398f38eddf2bb9fcb69
  - path: expected.yaml
    sha256: 65b6be7b650fabe6536915349841e6d6560a12b09b57024a2e4d92adb121434b
- test_case: circuit_mpls_01
  files:
  - path: cassette.yaml
    sha256: f88b14a1eefa531897902b2c641d57002bc84ffabdd64e0600cc2614ee597e64
  - path: expected.yaml
    sha256: 71628f8c8f581564ba6f08bf7a71db3077e0ae4518ab55a755a0cc75ed687dde
- test_case: circuits_dark_fiber_01
  files:
  - path: cassette.yaml
    sha256: 14c5238e431d9d6e7dbbcef8e1df9489e9fcc25b02d06d71cf07caa314cd32de
  - path: expected.yaml
    sha256: d11f123d8ba951858a01cd9de85c2c8cc4ad0fa1311dca99a4b2a21219813ada
- test_case: circuits_internet_01
  files:
  - path: cassette.yaml
    sha256: 998766dbd745c74bafdf23fab8067959fe2772e5469454cce5981bd891e999cf
  - path: expected.yaml
    sha256: 564a8f9004b7763a85d2cfea4b8dd210d1eb01ddd1b7c3f167f607a832c4751f
- test_case: circuits_mpls_01
  files:
  - path: cassette.yaml
    sha256: 8100a01c9e992e5875216f920434c83f44518a417f3a971e7e2c3a9c72f74ab1
  - path: expected.yaml
    sha256: a4ebc7d6e46b7ad882ef119d1256e363de695bff8a6ebd6b62015fc67f0506f0
- test_case: dcim_all_devices_01
  files:
  - path: cassette.yaml
    sha256: f20b2e9f43559a45618d88d6957249e4c57e9ecb194dd4dbc2017e1aaeeebd8d
  - path: expected.yaml
    sha256: 5fe6dc67fdd80959f88c3dc30c5fc2a817403aecf708a4ecfe86861438822ea7
- test_case: dcim_all_interfaces_01
  files:
  - path: cassette.yaml
    sha256: 3509f609b76fdabb86e380a3e9829ab2ff16dac5f7d20598c759f3b29d6ce1bc
  - path: expected.yaml
    sha256: c9c5f4856f803b149e8df92d6662b70c75c2aa40d1924168a567a7c5f216234d
- test_case: dcim_cables_01
  files:
  - path: cassette.yaml
    sha256: 9984c71d45cf87c26f6c1d9c901665e27ccfd5bfd8751ea13fd23f64a653bbba
  - path: expected.yaml
    sha256: c9fab22724c46dc8df5adf5828e096d18da676f958a0c4ba62ca9e620a985b9e
- test_case: dcim_console_port_01
  files:
  - path: cassette.yaml
    sha256: 773a5d9925a97a73153f4d85a0a67cc0a1fe1f6bf453be18aaf602d9d92bba35
  - path: expected.yaml
    sha256: c2abe0555a136f171586a71727f9dc1aad79f7bc2fbc767e8f37547cfe329bd8
- test_case: dcim_console_ports_01
  files:
  - path: cassette.yaml
    sha256: 87371b1d9015a3b8b54f12c795b79b3327c841447062448b79149536a3b98558
  - path: expected.yaml
    sha256: 2a68416810379da2208f404702fac79e3140e81d3e80a09af58a78e1d85e205f
- test_case: dcim_device_01
  files:
  - path: cassette.yaml
    sha256: 08f398805132cae9b8b651a09f1cdb2d62a8b0d189235778a6906305dd1433e0
  - path: expected.yaml
    sha256: 6fd72e505838001cb3113e8727e03aed804e9883e83fc6c1778481d9a7a4032d
- test_case: dcim_devices_01
  files:
  - path: cassette.yaml
    sha256: 0f959119ca48b2af140319c9646bcaa0b5219347fadfed9e56cb5b819614f9f2
  - path: expected.yaml
    sha256: c654fb9f2516c7575e768ed31275a2ce9dd9aff7e64f50a47f59d40ac5926b62
- test_case: dcim_interface_trace_01
  files:
  - path: cassette.yaml
    sha256: 53d04d08fbd10571065338ade96e71999470c617045e8b3c2f3f83d765f330b1
  - path: expected.yaml
    sha256: 88b910424f8ba2621f3b1a40663e0df3eed266ce1fec0ee7cf8354101230ca0d
- test_case: dcim_interface_trace_02
  files:
  - path: cassette.yaml
    sha256: 2ef45ca5832987edc4f921bd916d047ef6ba63134b9cf3de1b5fbe3d1815ea17
  - path: expected.yaml
    sha256: 23be18825b38081675e5bf5b5f495908627b6115e215097215371aae7fb32dcc
- test_case: dcim_interface_trace_03
  files:
  - path: cassette.yaml
    sha256: bb691602478e6a9243d2013e0af244cc4e85b718c3657372e50042509b8ab8aa
  - path: expected.yaml
    sha256: 77470aa44809660a3635de265164b4010b4a5b1a611d37aaf90a5fc9e81fa359
- test_case: dcim_site_01
  files:
  - path: cassette.yaml
    sha256: 7e8e790690391a8f80bc1a43447c39f1e3126baf9b5cb982d7985522952bee31
  - path: expected.yaml
    sha256: 87d71ec80096618164ebe4de1bcbc39d416fd091aae7de1bf6839e9e4fec5ae9
- test_case: dcim_sites_01
  files:
  - path: cassette.yaml
    sha256: 2f41c19ae0d8943c984349b2fcc3ef442206e839ee93f2246e53f3e1d39a0456
  - path: expected.yaml
    sha256: f7a77a2eb82d1a489c659ee7338b374add3075edf95d3944145f2e04fcf167f6
- test_case: ipam_all_ip_addresses_01
  files:
  - path: cassette.yaml
    sha256: 49bb1098cb11cd5020ca54758d5b4c6762204a2411bc9f302f8817eed704aa6c
  - path: expected.yaml
    sha256: df1249d6f3efd240b27df3d12112d306bfca7ed1630979ac4b24d1b546e8cdfb
- test_case: ipam_ip_address_01
  files:
  - path: cassette.yaml
    sha256: eab6a9744695d07014a196f7dcee1c2742620d33c8e8a888a00ae39c1295eaff
  - path: expected.yaml
    sha256: f0f86735aa1ff91a6a78cef766d5b296123e0e5c99451feaceaf555f30191cc2
- test_case: ipam_ip_addresses_01
  files:
  - path: cassette.yaml
    sha256: 63f76435008c461066429fefc49274269b7dd0b8fd2f147732249e36f69e06b1
  - path: expected.yaml
    sha256: 8b15abc0b6415a4fdecf96cb3e7c4a84804e949ca6698475965f62819bf2c4eb
sha256: cfb6afc993e3b1b940c3dbfc8b811aa7062e0676270d9d75da41f52a2301ff41
